
Microsoft Visual Studio Solution File, Format Version 12.00
# Visual Studio Version 17
VisualStudioVersion = 17.11.35303.130
MinimumVisualStudioVersion = 10.0.40219.1
Project("{9A19103F-16F7-4668-BE54-9A1E7A4F7556}") = "Bookstore.API", "Bookstore.API\Bookstore.API.csproj", "{0973F3F7-CFC0-4849-84EE-3C76DA0420C5}"
EndProject
Project("{9A19103F-16F7-4668-BE54-9A1E7A4F7556}") = "Bookstore.Domain", "Bookstore.Domain\Bookstore.Domain.csproj", "{789C1AFA-F5D6-4736-A088-38769786D026}"
EndProject
Project("{9A19103F-16F7-4668-BE54-9A1E7A4F7556}") = "BookStore.Application", "BookStore.Application\BookStore.Application.csproj", "{7471AD17-4EA6-4ED4-A0DB-80A3D40D38C3}"
EndProject
Project("{9A19103F-16F7-4668-BE54-9A1E7A4F7556}") = "Bookstore.Infrastructure", "Bookstore.Infrastructure\Bookstore.Infrastructure.csproj", "{A20FBD81-C11A-4746-A05D-F03E40A086C0}"
EndProject
Project("{FAE04EC0-301F-11D3-BF4B-00C04F79EFBC}") = "Bookstore.Core", "Bookstore.Core\Bookstore.Core.csproj", "{AEE2F967-01E0-4899-9A72-89A0A0D4F9D4}"
EndProject
Global
	GlobalSection(SolutionConfigurationPlatforms) = preSolution
		Debug|Any CPU = Debug|Any CPU
		Release|Any CPU = Release|Any CPU
	EndGlobalSection
	GlobalSection(ProjectConfigurationPlatforms) = postSolution
		{0973F3F7-CFC0-4849-84EE-3C76DA0420C5}.Debug|Any CPU.ActiveCfg = Debug|Any CPU
		{0973F3F7-CFC0-4849-84EE-3C76DA0420C5}.Debug|Any CPU.Build.0 = Debug|Any CPU
		{0973F3F7-CFC0-4849-84EE-3C76DA0420C5}.Release|Any CPU.ActiveCfg = Release|Any CPU
		{0973F3F7-CFC0-4849-84EE-3C76DA0420C5}.Release|Any CPU.Build.0 = Release|Any CPU
		{789C1AFA-F5D6-4736-A088-38769786D026}.Debug|Any CPU.ActiveCfg = Debug|Any CPU
		{789C1AFA-F5D6-4736-A088-38769786D026}.Debug|Any CPU.Build.0 = Debug|Any CPU
		{789C1AFA-F5D6-4736-A088-38769786D026}.Release|Any CPU.ActiveCfg = Release|Any CPU
		{789C1AFA-F5D6-4736-A088-38769786D026}.Release|Any CPU.Build.0 = Release|Any CPU
		{7471AD17-4EA6-4ED4-A0DB-80A3D40D38C3}.Debug|Any CPU.ActiveCfg = Debug|Any CPU
		{7471AD17-4EA6-4ED4-A0DB-80A3D40D38C3}.Debug|Any CPU.Build.0 = Debug|Any CPU
		{7471AD17-4EA6-4ED4-A0DB-80A3D40D38C3}.Release|Any CPU.ActiveCfg = Release|Any CPU
		{7471AD17-4EA6-4ED4-A0DB-80A3D40D38C3}.Release|Any CPU.Build.0 = Release|Any CPU
		{A20FBD81-C11A-4746-A05D-F03E40A086C0}.Debug|Any CPU.ActiveCfg = Debug|Any CPU
		{A20FBD81-C11A-4746-A05D-F03E40A086C0}.Debug|Any CPU.Build.0 = Debug|Any CPU
		{A20FBD81-C11A-4746-A05D-F03E40A086C0}.Release|Any CPU.ActiveCfg = Release|Any CPU
		{A20FBD81-C11A-4746-A05D-F03E40A086C0}.Release|Any CPU.Build.0 = Release|Any CPU
		{AEE2F967-01E0-4899-9A72-89A0A0D4F9D4}.Debug|Any CPU.ActiveCfg = Debug|Any CPU
		{AEE2F967-01E0-4899-9A72-89A0A0D4F9D4}.Debug|Any CPU.Build.0 = Debug|Any CPU
		{AEE2F967-01E0-4899-9A72-89A0A0D4F9D4}.Release|Any CPU.ActiveCfg = Release|Any CPU
		{AEE2F967-01E0-4899-9A72-89A0A0D4F9D4}.Release|Any CPU.Build.0 = Release|Any CPU
	EndGlobalSection
	GlobalSection(SolutionProperties) = preSolution
		HideSolutionNode = FALSE
	EndGlobalSection
	GlobalSection(ExtensibilityGlobals) = postSolution
		SolutionGuid = {5F8BC3CD-D482-41FC-BF29-19C53CFF1169}
	EndGlobalSection
EndGlobal
